// !$*UTF8*$!
{
	archiveVersion = 1;
	classes = {
	};
	objectVersion = 60;
	objects = {

/* Begin PBXBuildFile section */
		8A0000000000000000000101 /* SiteCycleApp.swift in Sources */ = {isa = PBXBuildFile; fileRef = 8A0000000000000000000001 /* SiteCycleApp.swift */; };
		8A0000000000000000000102 /* Location.swift in Sources */ = {isa = PBXBuildFile; fileRef = 8A0000000000000000000002 /* Location.swift */; };
		8A0000000000000000000103 /* SiteChangeEntry.swift in Sources */ = {isa = PBXBuildFile; fileRef = 8A0000000000000000000003 /* SiteChangeEntry.swift */; };
		8A0000000000000000000104 /* ContentView.swift in Sources */ = {isa = PBXBuildFile; fileRef = 8A0000000000000000000004 /* ContentView.swift */; };
		8A0000000000000000000105 /* DefaultLocations.swift in Sources */ = {isa = PBXBuildFile; fileRef = 8A0000000000000000000005 /* DefaultLocations.swift */; };
		8A0000000000000000000106 /* Assets.xcassets in Resources */ = {isa = PBXBuildFile; fileRef = 8A0000000000000000000006 /* Assets.xcassets */; };
		8A0000000000000000000107 /* Preview Assets.xcassets in Resources */ = {isa = PBXBuildFile; fileRef = 8A0000000000000000000007 /* Preview Assets.xcassets */; };
		8A0000000000000000000110 /* LocationTests.swift in Sources */ = {isa = PBXBuildFile; fileRef = 8A0000000000000000000010 /* LocationTests.swift */; };
		8A0000000000000000000111 /* SiteChangeEntryTests.swift in Sources */ = {isa = PBXBuildFile; fileRef = 8A0000000000000000000011 /* SiteChangeEntryTests.swift */; };
		8A0000000000000000000112 /* DefaultLocationsTests.swift in Sources */ = {isa = PBXBuildFile; fileRef = 8A0000000000000000000012 /* DefaultLocationsTests.swift */; };
		8A0000000000000000000113 /* LocationConfigTests.swift in Sources */ = {isa = PBXBuildFile; fileRef = 8A0000000000000000000013 /* LocationConfigTests.swift */; };
		8A0000000000000000000114 /* HomeViewModelTests.swift in Sources */ = {isa = PBXBuildFile; fileRef = 8A0000000000000000000014 /* HomeViewModelTests.swift */; };
		8A0000000000000000000116 /* SiteChangeViewModelTests.swift in Sources */ = {isa = PBXBuildFile; fileRef = 8A0000000000000000000016 /* SiteChangeViewModelTests.swift */; };
		8A0000000000000000000117 /* HistoryViewModelTests.swift in Sources */ = {isa = PBXBuildFile; fileRef = 8A0000000000000000000017 /* HistoryViewModelTests.swift */; };
		8A0000000000000000000118 /* HistoryViewModelEditDeleteTests.swift in Sources */ = {isa = PBXBuildFile; fileRef = 8A0000000000000000000018 /* HistoryViewModelEditDeleteTests.swift */; };
		8A0000000000000000000119 /* StatisticsViewModelTests.swift in Sources */ = {isa = PBXBuildFile; fileRef = 8A0000000000000000000019 /* StatisticsViewModelTests.swift */; };
		8A000000000000000000011A /* StatisticsViewModelAggregateTests.swift in Sources */ = {isa = PBXBuildFile; fileRef = 8A000000000000000000001A /* StatisticsViewModelAggregateTests.swift */; };
		8A000000000000000000011B /* StatisticsViewModelDurationTests.swift in Sources */ = {isa = PBXBuildFile; fileRef = 8A000000000000000000001B /* StatisticsViewModelDurationTests.swift */; };
		8A000000000000000000011C /* StatisticsViewModelDistributionTests.swift in Sources */ = {isa = PBXBuildFile; fileRef = 8A000000000000000000001C /* StatisticsViewModelDistributionTests.swift */; };
		8A000000000000000000011D /* CSVExporterTests.swift in Sources */ = {isa = PBXBuildFile; fileRef = 8A000000000000000000001D /* CSVExporterTests.swift */; };
		8A000000000000000000011E /* CSVImporterTests.swift in Sources */ = {isa = PBXBuildFile; fileRef = 8A000000000000000000001E /* CSVImporterTests.swift */; };
		8A0000000000000000000120 /* LocationConfigView.swift in Sources */ = {isa = PBXBuildFile; fileRef = 8A0000000000000000000020 /* LocationConfigView.swift */; };
		8A0000000000000000000121 /* SettingsView.swift in Sources */ = {isa = PBXBuildFile; fileRef = 8A0000000000000000000021 /* SettingsView.swift */; };
		8A0000000000000000000122 /* OnboardingView.swift in Sources */ = {isa = PBXBuildFile; fileRef = 8A0000000000000000000022 /* OnboardingView.swift */; };
		8A0000000000000000000123 /* HomeViewModel.swift in Sources */ = {isa = PBXBuildFile; fileRef = 8A0000000000000000000023 /* HomeViewModel.swift */; };
		8A0000000000000000000124 /* SiteChangeViewModel.swift in Sources */ = {isa = PBXBuildFile; fileRef = 8A0000000000000000000024 /* SiteChangeViewModel.swift */; };
		8A0000000000000000000125 /* HomeView.swift in Sources */ = {isa = PBXBuildFile; fileRef = 8A0000000000000000000025 /* HomeView.swift */; };
		8A0000000000000000000126 /* SiteSelectionSheet.swift in Sources */ = {isa = PBXBuildFile; fileRef = 8A0000000000000000000026 /* SiteSelectionSheet.swift */; };
		8A0000000000000000000127 /* HistoryViewModel.swift in Sources */ = {isa = PBXBuildFile; fileRef = 8A0000000000000000000027 /* HistoryViewModel.swift */; };
		8A0000000000000000000128 /* HistoryView.swift in Sources */ = {isa = PBXBuildFile; fileRef = 8A0000000000000000000028 /* HistoryView.swift */; };
		8A0000000000000000000129 /* HistoryEditView.swift in Sources */ = {isa = PBXBuildFile; fileRef = 8A0000000000000000000029 /* HistoryEditView.swift */; };
		8A000000000000000000012A /* StatisticsViewModel.swift in Sources */ = {isa = PBXBuildFile; fileRef = 8A000000000000000000002A /* StatisticsViewModel.swift */; };
		8A000000000000000000012B /* StatisticsView.swift in Sources */ = {isa = PBXBuildFile; fileRef = 8A000000000000000000002B /* StatisticsView.swift */; };
		8A000000000000000000012C /* CSVExporter.swift in Sources */ = {isa = PBXBuildFile; fileRef = 8A000000000000000000002C /* CSVExporter.swift */; };
		8A000000000000000000012D /* CSVImporter.swift in Sources */ = {isa = PBXBuildFile; fileRef = 8A000000000000000000002D /* CSVImporter.swift */; };
		8A000000000000000000012E /* DocumentPickerView.swift in Sources */ = {isa = PBXBuildFile; fileRef = 8A000000000000000000002E /* DocumentPickerView.swift */; };
		8A000000000000000000012F /* LocationLabelView.swift in Sources */ = {isa = PBXBuildFile; fileRef = 8A000000000000000000002F /* LocationLabelView.swift */; };
		8A0000000000000000000130 /* CloudKitSyncViewModel.swift in Sources */ = {isa = PBXBuildFile; fileRef = 8A0000000000000000000030 /* CloudKitSyncViewModel.swift */; };
		8A0000000000000000000131 /* CloudKitSyncViewModelTests.swift in Sources */ = {isa = PBXBuildFile; fileRef = 8A0000000000000000000031 /* CloudKitSyncViewModelTests.swift */; };
		8A0000000000000000000140 /* SiteCycleWatchApp.swift in Sources */ = {isa = PBXBuildFile; fileRef = 8A0000000000000000000032 /* SiteCycleWatchApp.swift */; };
		8A0000000000000000000141 /* Location.swift in Sources */ = {isa = PBXBuildFile; fileRef = 8A0000000000000000000002 /* Location.swift */; };
		8A0000000000000000000142 /* SiteChangeEntry.swift in Sources */ = {isa = PBXBuildFile; fileRef = 8A0000000000000000000003 /* SiteChangeEntry.swift */; };
		8A0000000000000000000143 /* DefaultLocations.swift in Sources */ = {isa = PBXBuildFile; fileRef = 8A0000000000000000000005 /* DefaultLocations.swift */; };
		8A0000000000000000000144 /* HomeViewModel.swift in Sources */ = {isa = PBXBuildFile; fileRef = 8A0000000000000000000023 /* HomeViewModel.swift */; };
		8A0000000000000000000145 /* SiteChangeViewModel.swift in Sources */ = {isa = PBXBuildFile; fileRef = 8A0000000000000000000024 /* SiteChangeViewModel.swift */; };
		8A0000000000000000000146 /* WatchHomeView.swift in Sources */ = {isa = PBXBuildFile; fileRef = 8A0000000000000000000035 /* WatchHomeView.swift */; };
		8A0000000000000000000147 /* WatchSiteSelectionView.swift in Sources */ = {isa = PBXBuildFile; fileRef = 8A0000000000000000000036 /* WatchSiteSelectionView.swift */; };
		8A0000000000000000000148 /* WatchLocationRow.swift in Sources */ = {isa = PBXBuildFile; fileRef = 8A0000000000000000000037 /* WatchLocationRow.swift */; };
		8A0000000000000000000149 /* Assets.xcassets in Resources */ = {isa = PBXBuildFile; fileRef = 8A0000000000000000000034 /* Assets.xcassets */; };
		8A000000000000000000014A /* SiteCycleWatchWidgets.appex in Embed App Extensions */ = {isa = PBXBuildFile; fileRef = 8A000000000000000000003C /* SiteCycleWatchWidgets.appex */; settings = {ATTRIBUTES = (RemoveHeadersOnCopy, ); }; };
		8A0000000000000000000150 /* SiteCycleWidgets.swift in Sources */ = {isa = PBXBuildFile; fileRef = 8A0000000000000000000039 /* SiteCycleWidgets.swift */; };
		8A0000000000000000000151 /* Location.swift in Sources */ = {isa = PBXBuildFile; fileRef = 8A0000000000000000000002 /* Location.swift */; };
		8A0000000000000000000152 /* SiteChangeEntry.swift in Sources */ = {isa = PBXBuildFile; fileRef = 8A0000000000000000000003 /* SiteChangeEntry.swift */; };
		8A0000000000000000000153 /* Assets.xcassets in Resources */ = {isa = PBXBuildFile; fileRef = 8A000000000000000000003B /* Assets.xcassets */; };
		8A0000000000000000000160 /* SiteCycleWatch.app in Embed Watch Content */ = {isa = PBXBuildFile; fileRef = 8A0000000000000000000038 /* SiteCycleWatch.app */; settings = {ATTRIBUTES = (RemoveHeadersOnCopy, ); }; };
		8A0000000000000000000161 /* WatchConnectivityManager.swift in Sources */ = {isa = PBXBuildFile; fileRef = 8A000000000000000000003E /* WatchConnectivityManager.swift */; };
		8A0000000000000000000162 /* WatchConnectivityManager.swift in Sources */ = {isa = PBXBuildFile; fileRef = 8A000000000000000000003E /* WatchConnectivityManager.swift */; };
/* End PBXBuildFile section */

/* Begin PBXContainerItemProxy section */
		8A0000000000000000000810 /* PBXContainerItemProxy */ = {
			isa = PBXContainerItemProxy;
			containerPortal = 8A0000000000000000000501 /* Project object */;
			proxyType = 1;
			remoteGlobalIDString = 8A0000000000000000000401;
			remoteInfo = SiteCycle;
		};
		8A0000000000000000000811 /* PBXContainerItemProxy */ = {
			isa = PBXContainerItemProxy;
			containerPortal = 8A0000000000000000000501 /* Project object */;
			proxyType = 1;
			remoteGlobalIDString = 8A0000000000000000000430;
			remoteInfo = SiteCycleWatchWidgets;
		};
		8A0000000000000000000812 /* PBXContainerItemProxy */ = {
			isa = PBXContainerItemProxy;
			containerPortal = 8A0000000000000000000501 /* Project object */;
			proxyType = 1;
			remoteGlobalIDString = 8A0000000000000000000420;
			remoteInfo = SiteCycleWatch;
		};
/* End PBXContainerItemProxy section */

/* Begin PBXCopyFilesBuildPhase section */
		8A0000000000000000000304 /* Embed Watch Content */ = {
			isa = PBXCopyFilesBuildPhase;
			buildActionMask = 2147483647;
			dstPath = "$(CONTENTS_FOLDER_PATH)/Watch";
			dstSubfolderSpec = 16;
			files = (
				8A0000000000000000000160 /* SiteCycleWatch.app in Embed Watch Content */,
			);
			name = "Embed Watch Content";
			runOnlyForDeploymentPostprocessing = 0;
		};
		8A0000000000000000000323 /* Embed App Extensions */ = {
			isa = PBXCopyFilesBuildPhase;
			buildActionMask = 2147483647;
			dstPath = "";
			dstSubfolderSpec = 13;
			files = (
				8A000000000000000000014A /* SiteCycleWatchWidgets.appex in Embed App Extensions */,
			);
			name = "Embed App Extensions";
			runOnlyForDeploymentPostprocessing = 0;
		};
/* End PBXCopyFilesBuildPhase section */

/* Begin PBXFileReference section */
		8A0000000000000000000001 /* SiteCycleApp.swift */ = {isa = PBXFileReference; lastKnownFileType = sourcecode.swift; path = SiteCycleApp.swift; sourceTree = "<group>"; };
		8A0000000000000000000002 /* Location.swift */ = {isa = PBXFileReference; lastKnownFileType = sourcecode.swift; path = Location.swift; sourceTree = "<group>"; };
		8A0000000000000000000003 /* SiteChangeEntry.swift */ = {isa = PBXFileReference; lastKnownFileType = sourcecode.swift; path = SiteChangeEntry.swift; sourceTree = "<group>"; };
		8A0000000000000000000004 /* ContentView.swift */ = {isa = PBXFileReference; lastKnownFileType = sourcecode.swift; path = ContentView.swift; sourceTree = "<group>"; };
		8A0000000000000000000005 /* DefaultLocations.swift */ = {isa = PBXFileReference; lastKnownFileType = sourcecode.swift; path = DefaultLocations.swift; sourceTree = "<group>"; };
		8A0000000000000000000006 /* Assets.xcassets */ = {isa = PBXFileReference; lastKnownFileType = folder.assetcatalog; path = Assets.xcassets; sourceTree = "<group>"; };
		8A0000000000000000000007 /* Preview Assets.xcassets */ = {isa = PBXFileReference; lastKnownFileType = folder.assetcatalog; path = "Preview Assets.xcassets"; sourceTree = "<group>"; };
		8A0000000000000000000008 /* SiteCycle.entitlements */ = {isa = PBXFileReference; lastKnownFileType = text.plist.entitlements; path = SiteCycle.entitlements; sourceTree = "<group>"; };
		8A0000000000000000000009 /* SiteCycle.app */ = {isa = PBXFileReference; explicitFileType = wrapper.application; includeInIndex = 0; path = SiteCycle.app; sourceTree = BUILT_PRODUCTS_DIR; };
		8A0000000000000000000010 /* LocationTests.swift */ = {isa = PBXFileReference; lastKnownFileType = sourcecode.swift; path = LocationTests.swift; sourceTree = "<group>"; };
		8A0000000000000000000011 /* SiteChangeEntryTests.swift */ = {isa = PBXFileReference; lastKnownFileType = sourcecode.swift; path = SiteChangeEntryTests.swift; sourceTree = "<group>"; };
		8A0000000000000000000012 /* DefaultLocationsTests.swift */ = {isa = PBXFileReference; lastKnownFileType = sourcecode.swift; path = DefaultLocationsTests.swift; sourceTree = "<group>"; };
		8A0000000000000000000013 /* LocationConfigTests.swift */ = {isa = PBXFileReference; lastKnownFileType = sourcecode.swift; path = LocationConfigTests.swift; sourceTree = "<group>"; };
		8A0000000000000000000014 /* HomeViewModelTests.swift */ = {isa = PBXFileReference; lastKnownFileType = sourcecode.swift; path = HomeViewModelTests.swift; sourceTree = "<group>"; };
		8A0000000000000000000015 /* SiteCycleTests.xctest */ = {isa = PBXFileReference; explicitFileType = wrapper.cfbundle; includeInIndex = 0; path = SiteCycleTests.xctest; sourceTree = BUILT_PRODUCTS_DIR; };
		8A0000000000000000000016 /* SiteChangeViewModelTests.swift */ = {isa = PBXFileReference; lastKnownFileType = sourcecode.swift; path = SiteChangeViewModelTests.swift; sourceTree = "<group>"; };
		8A0000000000000000000017 /* HistoryViewModelTests.swift */ = {isa = PBXFileReference; lastKnownFileType = sourcecode.swift; path = HistoryViewModelTests.swift; sourceTree = "<group>"; };
		8A0000000000000000000018 /* HistoryViewModelEditDeleteTests.swift */ = {isa = PBXFileReference; lastKnownFileType = sourcecode.swift; path = HistoryViewModelEditDeleteTests.swift; sourceTree = "<group>"; };
		8A0000000000000000000019 /* StatisticsViewModelTests.swift */ = {isa = PBXFileReference; lastKnownFileType = sourcecode.swift; path = StatisticsViewModelTests.swift; sourceTree = "<group>"; };
		8A000000000000000000001A /* StatisticsViewModelAggregateTests.swift */ = {isa = PBXFileReference; lastKnownFileType = sourcecode.swift; path = StatisticsViewModelAggregateTests.swift; sourceTree = "<group>"; };
		8A000000000000000000001B /* StatisticsViewModelDurationTests.swift */ = {isa = PBXFileReference; lastKnownFileType = sourcecode.swift; path = StatisticsViewModelDurationTests.swift; sourceTree = "<group>"; };
		8A000000000000000000001C /* StatisticsViewModelDistributionTests.swift */ = {isa = PBXFileReference; lastKnownFileType = sourcecode.swift; path = StatisticsViewModelDistributionTests.swift; sourceTree = "<group>"; };
		8A000000000000000000001D /* CSVExporterTests.swift */ = {isa = PBXFileReference; lastKnownFileType = sourcecode.swift; path = CSVExporterTests.swift; sourceTree = "<group>"; };
		8A000000000000000000001E /* CSVImporterTests.swift */ = {isa = PBXFileReference; lastKnownFileType = sourcecode.swift; path = CSVImporterTests.swift; sourceTree = "<group>"; };
		8A0000000000000000000020 /* LocationConfigView.swift */ = {isa = PBXFileReference; lastKnownFileType = sourcecode.swift; path = LocationConfigView.swift; sourceTree = "<group>"; };
		8A0000000000000000000021 /* SettingsView.swift */ = {isa = PBXFileReference; lastKnownFileType = sourcecode.swift; path = SettingsView.swift; sourceTree = "<group>"; };
		8A0000000000000000000022 /* OnboardingView.swift */ = {isa = PBXFileReference; lastKnownFileType = sourcecode.swift; path = OnboardingView.swift; sourceTree = "<group>"; };
		8A0000000000000000000023 /* HomeViewModel.swift */ = {isa = PBXFileReference; lastKnownFileType = sourcecode.swift; path = HomeViewModel.swift; sourceTree = "<group>"; };
		8A0000000000000000000024 /* SiteChangeViewModel.swift */ = {isa = PBXFileReference; lastKnownFileType = sourcecode.swift; path = SiteChangeViewModel.swift; sourceTree = "<group>"; };
		8A0000000000000000000025 /* HomeView.swift */ = {isa = PBXFileReference; lastKnownFileType = sourcecode.swift; path = HomeView.swift; sourceTree = "<group>"; };
		8A0000000000000000000026 /* SiteSelectionSheet.swift */ = {isa = PBXFileReference; lastKnownFileType = sourcecode.swift; path = SiteSelectionSheet.swift; sourceTree = "<group>"; };
		8A0000000000000000000027 /* HistoryViewModel.swift */ = {isa = PBXFileReference; lastKnownFileType = sourcecode.swift; path = HistoryViewModel.swift; sourceTree = "<group>"; };
		8A0000000000000000000028 /* HistoryView.swift */ = {isa = PBXFileReference; lastKnownFileType = sourcecode.swift; path = HistoryView.swift; sourceTree = "<group>"; };
		8A0000000000000000000029 /* HistoryEditView.swift */ = {isa = PBXFileReference; lastKnownFileType = sourcecode.swift; path = HistoryEditView.swift; sourceTree = "<group>"; };
		8A000000000000000000002A /* StatisticsViewModel.swift */ = {isa = PBXFileReference; lastKnownFileType = sourcecode.swift; path = StatisticsViewModel.swift; sourceTree = "<group>"; };
		8A000000000000000000002B /* StatisticsView.swift */ = {isa = PBXFileReference; lastKnownFileType = sourcecode.swift; path = StatisticsView.swift; sourceTree = "<group>"; };
		8A000000000000000000002C /* CSVExporter.swift */ = {isa = PBXFileReference; lastKnownFileType = sourcecode.swift; path = CSVExporter.swift; sourceTree = "<group>"; };
		8A000000000000000000002D /* CSVImporter.swift */ = {isa = PBXFileReference; lastKnownFileType = sourcecode.swift; path = CSVImporter.swift; sourceTree = "<group>"; };
		8A000000000000000000002E /* DocumentPickerView.swift */ = {isa = PBXFileReference; lastKnownFileType = sourcecode.swift; path = DocumentPickerView.swift; sourceTree = "<group>"; };
		8A000000000000000000002F /* LocationLabelView.swift */ = {isa = PBXFileReference; lastKnownFileType = sourcecode.swift; path = LocationLabelView.swift; sourceTree = "<group>"; };
		8A0000000000000000000030 /* CloudKitSyncViewModel.swift */ = {isa = PBXFileReference; lastKnownFileType = sourcecode.swift; path = CloudKitSyncViewModel.swift; sourceTree = "<group>"; };
		8A0000000000000000000031 /* CloudKitSyncViewModelTests.swift */ = {isa = PBXFileReference; lastKnownFileType = sourcecode.swift; path = CloudKitSyncViewModelTests.swift; sourceTree = "<group>"; };
		8A0000000000000000000032 /* SiteCycleWatchApp.swift */ = {isa = PBXFileReference; lastKnownFileType = sourcecode.swift; path = SiteCycleWatchApp.swift; sourceTree = "<group>"; };
		8A0000000000000000000033 /* SiteCycleWatch.entitlements */ = {isa = PBXFileReference; lastKnownFileType = text.plist.entitlements; path = SiteCycleWatch.entitlements; sourceTree = "<group>"; };
		8A0000000000000000000034 /* Assets.xcassets */ = {isa = PBXFileReference; lastKnownFileType = folder.assetcatalog; path = Assets.xcassets; sourceTree = "<group>"; };
		8A0000000000000000000035 /* WatchHomeView.swift */ = {isa = PBXFileReference; lastKnownFileType = sourcecode.swift; path = WatchHomeView.swift; sourceTree = "<group>"; };
		8A0000000000000000000036 /* WatchSiteSelectionView.swift */ = {isa = PBXFileReference; lastKnownFileType = sourcecode.swift; path = WatchSiteSelectionView.swift; sourceTree = "<group>"; };
		8A0000000000000000000037 /* WatchLocationRow.swift */ = {isa = PBXFileReference; lastKnownFileType = sourcecode.swift; path = WatchLocationRow.swift; sourceTree = "<group>"; };
		8A0000000000000000000038 /* SiteCycleWatch.app */ = {isa = PBXFileReference; explicitFileType = wrapper.application; includeInIndex = 0; path = SiteCycleWatch.app; sourceTree = BUILT_PRODUCTS_DIR; };
		8A0000000000000000000039 /* SiteCycleWidgets.swift */ = {isa = PBXFileReference; lastKnownFileType = sourcecode.swift; path = SiteCycleWidgets.swift; sourceTree = "<group>"; };
		8A000000000000000000003A /* SiteCycleWatchWidgets.entitlements */ = {isa = PBXFileReference; lastKnownFileType = text.plist.entitlements; path = SiteCycleWatchWidgets.entitlements; sourceTree = "<group>"; };
		8A000000000000000000003B /* Assets.xcassets */ = {isa = PBXFileReference; lastKnownFileType = folder.assetcatalog; path = Assets.xcassets; sourceTree = "<group>"; };
		8A000000000000000000003C /* SiteCycleWatchWidgets.appex */ = {isa = PBXFileReference; explicitFileType = "wrapper.app-extension"; includeInIndex = 0; path = SiteCycleWatchWidgets.appex; sourceTree = BUILT_PRODUCTS_DIR; };
		8A000000000000000000003D /* Info.plist */ = {isa = PBXFileReference; lastKnownFileType = text.plist.xml; path = Info.plist; sourceTree = "<group>"; };
		8A000000000000000000003E /* WatchConnectivityManager.swift */ = {isa = PBXFileReference; lastKnownFileType = sourcecode.swift; path = WatchConnectivityManager.swift; sourceTree = "<group>"; };
/* End PBXFileReference section */

/* Begin PBXFrameworksBuildPhase section */
		8A0000000000000000000302 /* Frameworks */ = {
			isa = PBXFrameworksBuildPhase;
			buildActionMask = 2147483647;
			files = (
			);
			runOnlyForDeploymentPostprocessing = 0;
		};
		8A0000000000000000000311 /* Frameworks */ = {
			isa = PBXFrameworksBuildPhase;
			buildActionMask = 2147483647;
			files = (
			);
			runOnlyForDeploymentPostprocessing = 0;
		};
		8A0000000000000000000321 /* Frameworks */ = {
			isa = PBXFrameworksBuildPhase;
			buildActionMask = 2147483647;
			files = (
			);
			runOnlyForDeploymentPostprocessing = 0;
		};
		8A0000000000000000000331 /* Frameworks */ = {
			isa = PBXFrameworksBuildPhase;
			buildActionMask = 2147483647;
			files = (
			);
			runOnlyForDeploymentPostprocessing = 0;
		};
/* End PBXFrameworksBuildPhase section */

/* Begin PBXGroup section */
		8A0000000000000000000201 = {
			isa = PBXGroup;
			children = (
				8A0000000000000000000202 /* SiteCycle */,
				8A0000000000000000000220 /* SiteCycleWatch */,
				8A0000000000000000000230 /* SiteCycleWatchWidgets */,
				8A0000000000000000000210 /* SiteCycleTests */,
				8A0000000000000000000208 /* Products */,
			);
			sourceTree = "<group>";
		};
		8A0000000000000000000202 /* SiteCycle */ = {
			isa = PBXGroup;
			children = (
				8A0000000000000000000001 /* SiteCycleApp.swift */,
				8A0000000000000000000203 /* Models */,
				8A0000000000000000000204 /* Views */,
				8A0000000000000000000205 /* ViewModels */,
				8A0000000000000000000206 /* Utilities */,
				8A0000000000000000000006 /* Assets.xcassets */,
				8A0000000000000000000008 /* SiteCycle.entitlements */,
				8A0000000000000000000207 /* Preview Content */,
			);
			path = SiteCycle;
			sourceTree = "<group>";
		};
		8A0000000000000000000203 /* Models */ = {
			isa = PBXGroup;
			children = (
				8A0000000000000000000002 /* Location.swift */,
				8A0000000000000000000003 /* SiteChangeEntry.swift */,
			);
			path = Models;
			sourceTree = "<group>";
		};
		8A0000000000000000000204 /* Views */ = {
			isa = PBXGroup;
			children = (
				8A0000000000000000000004 /* ContentView.swift */,
				8A000000000000000000002E /* DocumentPickerView.swift */,
				8A0000000000000000000029 /* HistoryEditView.swift */,
				8A0000000000000000000028 /* HistoryView.swift */,
				8A0000000000000000000025 /* HomeView.swift */,
				8A0000000000000000000020 /* LocationConfigView.swift */,
				8A000000000000000000002F /* LocationLabelView.swift */,
				8A0000000000000000000022 /* OnboardingView.swift */,
				8A0000000000000000000021 /* SettingsView.swift */,
				8A0000000000000000000026 /* SiteSelectionSheet.swift */,
				8A000000000000000000002B /* StatisticsView.swift */,
			);
			path = Views;
			sourceTree = "<group>";
		};
		8A0000000000000000000205 /* ViewModels */ = {
			isa = PBXGroup;
			children = (
				8A0000000000000000000030 /* CloudKitSyncViewModel.swift */,
				8A0000000000000000000027 /* HistoryViewModel.swift */,
				8A0000000000000000000023 /* HomeViewModel.swift */,
				8A0000000000000000000024 /* SiteChangeViewModel.swift */,
				8A000000000000000000002A /* StatisticsViewModel.swift */,
			);
			path = ViewModels;
			sourceTree = "<group>";
		};
		8A0000000000000000000206 /* Utilities */ = {
			isa = PBXGroup;
			children = (
				8A000000000000000000002C /* CSVExporter.swift */,
				8A000000000000000000002D /* CSVImporter.swift */,
				8A0000000000000000000005 /* DefaultLocations.swift */,
				8A000000000000000000003E /* WatchConnectivityManager.swift */,
			);
			path = Utilities;
			sourceTree = "<group>";
		};
		8A0000000000000000000207 /* Preview Content */ = {
			isa = PBXGroup;
			children = (
				8A0000000000000000000007 /* Preview Assets.xcassets */,
			);
			path = "Preview Content";
			sourceTree = "<group>";
		};
		8A0000000000000000000208 /* Products */ = {
			isa = PBXGroup;
			children = (
				8A0000000000000000000009 /* SiteCycle.app */,
				8A0000000000000000000015 /* SiteCycleTests.xctest */,
				8A0000000000000000000038 /* SiteCycleWatch.app */,
				8A000000000000000000003C /* SiteCycleWatchWidgets.appex */,
			);
			name = Products;
			sourceTree = "<group>";
		};
		8A0000000000000000000210 /* SiteCycleTests */ = {
			isa = PBXGroup;
			children = (
				8A0000000000000000000031 /* CloudKitSyncViewModelTests.swift */,
				8A000000000000000000001D /* CSVExporterTests.swift */,
				8A000000000000000000001E /* CSVImporterTests.swift */,
				8A0000000000000000000010 /* LocationTests.swift */,
				8A0000000000000000000011 /* SiteChangeEntryTests.swift */,
				8A0000000000000000000012 /* DefaultLocationsTests.swift */,
				8A0000000000000000000013 /* LocationConfigTests.swift */,
				8A0000000000000000000014 /* HomeViewModelTests.swift */,
				8A0000000000000000000017 /* HistoryViewModelTests.swift */,
				8A0000000000000000000018 /* HistoryViewModelEditDeleteTests.swift */,
				8A0000000000000000000016 /* SiteChangeViewModelTests.swift */,
				8A0000000000000000000019 /* StatisticsViewModelTests.swift */,
				8A000000000000000000001A /* StatisticsViewModelAggregateTests.swift */,
				8A000000000000000000001B /* StatisticsViewModelDurationTests.swift */,
				8A000000000000000000001C /* StatisticsViewModelDistributionTests.swift */,
			);
			path = SiteCycleTests;
			sourceTree = "<group>";
		};
		8A0000000000000000000220 /* SiteCycleWatch */ = {
			isa = PBXGroup;
			children = (
				8A0000000000000000000032 /* SiteCycleWatchApp.swift */,
				8A0000000000000000000221 /* Views */,
				8A0000000000000000000034 /* Assets.xcassets */,
				8A0000000000000000000033 /* SiteCycleWatch.entitlements */,
			);
			path = SiteCycleWatch;
			sourceTree = "<group>";
		};
		8A0000000000000000000221 /* Views */ = {
			isa = PBXGroup;
			children = (
				8A0000000000000000000035 /* WatchHomeView.swift */,
				8A0000000000000000000036 /* WatchSiteSelectionView.swift */,
				8A0000000000000000000037 /* WatchLocationRow.swift */,
			);
			path = Views;
			sourceTree = "<group>";
		};
		8A0000000000000000000230 /* SiteCycleWatchWidgets */ = {
			isa = PBXGroup;
			children = (
				8A0000000000000000000039 /* SiteCycleWidgets.swift */,
				8A000000000000000000003D /* Info.plist */,
				8A000000000000000000003B /* Assets.xcassets */,
				8A000000000000000000003A /* SiteCycleWatchWidgets.entitlements */,
			);
			path = SiteCycleWatchWidgets;
			sourceTree = "<group>";
		};
/* End PBXGroup section */

/* Begin PBXNativeTarget section */
		8A0000000000000000000401 /* SiteCycle */ = {
			isa = PBXNativeTarget;
			buildConfigurationList = 8A0000000000000000000602 /* Build configuration list for PBXNativeTarget "SiteCycle" */;
			buildPhases = (
				8A0000000000000000000301 /* Sources */,
				8A0000000000000000000302 /* Frameworks */,
				8A0000000000000000000303 /* Resources */,
				8A0000000000000000000304 /* Embed Watch Content */,
			);
			buildRules = (
			);
			dependencies = (
				8A0000000000000000000822 /* PBXTargetDependency */,
			);
			name = SiteCycle;
			productName = SiteCycle;
			productReference = 8A0000000000000000000009 /* SiteCycle.app */;
			productType = "com.apple.product-type.application";
		};
		8A0000000000000000000410 /* SiteCycleTests */ = {
			isa = PBXNativeTarget;
			buildConfigurationList = 8A0000000000000000000610 /* Build configuration list for PBXNativeTarget "SiteCycleTests" */;
			buildPhases = (
				8A0000000000000000000310 /* Sources */,
				8A0000000000000000000311 /* Frameworks */,
				8A0000000000000000000312 /* Resources */,
			);
			buildRules = (
			);
			dependencies = (
				8A0000000000000000000820 /* PBXTargetDependency */,
			);
			name = SiteCycleTests;
			productName = SiteCycleTests;
			productReference = 8A0000000000000000000015 /* SiteCycleTests.xctest */;
			productType = "com.apple.product-type.bundle.unit-test";
		};
		8A0000000000000000000420 /* SiteCycleWatch */ = {
			isa = PBXNativeTarget;
			buildConfigurationList = 8A0000000000000000000620 /* Build configuration list for PBXNativeTarget "SiteCycleWatch" */;
			buildPhases = (
				8A0000000000000000000320 /* Sources */,
				8A0000000000000000000321 /* Frameworks */,
				8A0000000000000000000322 /* Resources */,
				8A0000000000000000000323 /* Embed App Extensions */,
			);
			buildRules = (
			);
			dependencies = (
				8A0000000000000000000821 /* PBXTargetDependency */,
			);
			name = SiteCycleWatch;
			productName = SiteCycleWatch;
			productReference = 8A0000000000000000000038 /* SiteCycleWatch.app */;
			productType = "com.apple.product-type.application";
		};
		8A0000000000000000000430 /* SiteCycleWatchWidgets */ = {
			isa = PBXNativeTarget;
			buildConfigurationList = 8A0000000000000000000630 /* Build configuration list for PBXNativeTarget "SiteCycleWatchWidgets" */;
			buildPhases = (
				8A0000000000000000000330 /* Sources */,
				8A0000000000000000000331 /* Frameworks */,
				8A0000000000000000000332 /* Resources */,
			);
			buildRules = (
			);
			dependencies = (
			);
			name = SiteCycleWatchWidgets;
			productName = SiteCycleWatchWidgets;
			productReference = 8A000000000000000000003C /* SiteCycleWatchWidgets.appex */;
			productType = "com.apple.product-type.app-extension";
		};
/* End PBXNativeTarget section */

/* Begin PBXProject section */
		8A0000000000000000000501 /* Project object */ = {
			isa = PBXProject;
			attributes = {
				BuildIndependentTargetsInParallel = 1;
				LastSwiftUpdateCheck = 2600;
				LastUpgradeCheck = 2600;
				TargetAttributes = {
					8A0000000000000000000401 = {
						CreatedOnToolsVersion = 26.0;
					};
					8A0000000000000000000410 = {
						CreatedOnToolsVersion = 26.0;
						TestTargetID = 8A0000000000000000000401;
					};
					8A0000000000000000000420 = {
						CreatedOnToolsVersion = 26.0;
					};
					8A0000000000000000000430 = {
						CreatedOnToolsVersion = 26.0;
					};
				};
			};
			buildConfigurationList = 8A0000000000000000000601 /* Build configuration list for PBXProject "SiteCycle" */;
			compatibilityVersion = "Xcode 15.0";
			developmentRegion = en;
			hasScannedForEncodings = 0;
			knownRegions = (
				en,
				Base,
			);
			mainGroup = 8A0000000000000000000201;
			productRefGroup = 8A0000000000000000000208 /* Products */;
			projectDirPath = "";
			projectRoot = "";
			targets = (
				8A0000000000000000000401 /* SiteCycle */,
				8A0000000000000000000410 /* SiteCycleTests */,
				8A0000000000000000000420 /* SiteCycleWatch */,
				8A0000000000000000000430 /* SiteCycleWatchWidgets */,
			);
		};
/* End PBXProject section */

/* Begin PBXResourcesBuildPhase section */
		8A0000000000000000000303 /* Resources */ = {
			isa = PBXResourcesBuildPhase;
			buildActionMask = 2147483647;
			files = (
				8A0000000000000000000107 /* Preview Assets.xcassets in Resources */,
				8A0000000000000000000106 /* Assets.xcassets in Resources */,
			);
			runOnlyForDeploymentPostprocessing = 0;
		};
		8A0000000000000000000312 /* Resources */ = {
			isa = PBXResourcesBuildPhase;
			buildActionMask = 2147483647;
			files = (
			);
			runOnlyForDeploymentPostprocessing = 0;
		};
		8A0000000000000000000322 /* Resources */ = {
			isa = PBXResourcesBuildPhase;
			buildActionMask = 2147483647;
			files = (
				8A0000000000000000000149 /* Assets.xcassets in Resources */,
			);
			runOnlyForDeploymentPostprocessing = 0;
		};
		8A0000000000000000000332 /* Resources */ = {
			isa = PBXResourcesBuildPhase;
			buildActionMask = 2147483647;
			files = (
				8A0000000000000000000153 /* Assets.xcassets in Resources */,
			);
			runOnlyForDeploymentPostprocessing = 0;
		};
/* End PBXResourcesBuildPhase section */

/* Begin PBXSourcesBuildPhase section */
		8A0000000000000000000301 /* Sources */ = {
			isa = PBXSourcesBuildPhase;
			buildActionMask = 2147483647;
			files = (
				8A0000000000000000000101 /* SiteCycleApp.swift in Sources */,
				8A0000000000000000000102 /* Location.swift in Sources */,
				8A0000000000000000000103 /* SiteChangeEntry.swift in Sources */,
				8A0000000000000000000104 /* ContentView.swift in Sources */,
				8A0000000000000000000105 /* DefaultLocations.swift in Sources */,
				8A0000000000000000000120 /* LocationConfigView.swift in Sources */,
				8A0000000000000000000121 /* SettingsView.swift in Sources */,
				8A0000000000000000000122 /* OnboardingView.swift in Sources */,
				8A0000000000000000000123 /* HomeViewModel.swift in Sources */,
				8A0000000000000000000124 /* SiteChangeViewModel.swift in Sources */,
				8A0000000000000000000125 /* HomeView.swift in Sources */,
				8A0000000000000000000126 /* SiteSelectionSheet.swift in Sources */,
				8A0000000000000000000127 /* HistoryViewModel.swift in Sources */,
				8A0000000000000000000128 /* HistoryView.swift in Sources */,
				8A0000000000000000000129 /* HistoryEditView.swift in Sources */,
				8A000000000000000000012A /* StatisticsViewModel.swift in Sources */,
				8A000000000000000000012B /* StatisticsView.swift in Sources */,
				8A000000000000000000012C /* CSVExporter.swift in Sources */,
				8A000000000000000000012D /* CSVImporter.swift in Sources */,
				8A000000000000000000012E /* DocumentPickerView.swift in Sources */,
				8A000000000000000000012F /* LocationLabelView.swift in Sources */,
				8A0000000000000000000130 /* CloudKitSyncViewModel.swift in Sources */,
				8A0000000000000000000161 /* WatchConnectivityManager.swift in Sources */,
			);
			runOnlyForDeploymentPostprocessing = 0;
		};
		8A0000000000000000000310 /* Sources */ = {
			isa = PBXSourcesBuildPhase;
			buildActionMask = 2147483647;
			files = (
				8A0000000000000000000110 /* LocationTests.swift in Sources */,
				8A0000000000000000000111 /* SiteChangeEntryTests.swift in Sources */,
				8A0000000000000000000112 /* DefaultLocationsTests.swift in Sources */,
				8A0000000000000000000113 /* LocationConfigTests.swift in Sources */,
				8A0000000000000000000114 /* HomeViewModelTests.swift in Sources */,
				8A0000000000000000000116 /* SiteChangeViewModelTests.swift in Sources */,
				8A0000000000000000000117 /* HistoryViewModelTests.swift in Sources */,
				8A0000000000000000000118 /* HistoryViewModelEditDeleteTests.swift in Sources */,
				8A0000000000000000000119 /* StatisticsViewModelTests.swift in Sources */,
				8A000000000000000000011A /* StatisticsViewModelAggregateTests.swift in Sources */,
				8A000000000000000000011B /* StatisticsViewModelDurationTests.swift in Sources */,
				8A000000000000000000011C /* StatisticsViewModelDistributionTests.swift in Sources */,
				8A000000000000000000011D /* CSVExporterTests.swift in Sources */,
				8A000000000000000000011E /* CSVImporterTests.swift in Sources */,
				8A0000000000000000000131 /* CloudKitSyncViewModelTests.swift in Sources */,
			);
			runOnlyForDeploymentPostprocessing = 0;
		};
		8A0000000000000000000320 /* Sources */ = {
			isa = PBXSourcesBuildPhase;
			buildActionMask = 2147483647;
			files = (
				8A0000000000000000000140 /* SiteCycleWatchApp.swift in Sources */,
				8A0000000000000000000141 /* Location.swift in Sources */,
				8A0000000000000000000142 /* SiteChangeEntry.swift in Sources */,
				8A0000000000000000000143 /* DefaultLocations.swift in Sources */,
				8A0000000000000000000144 /* HomeViewModel.swift in Sources */,
				8A0000000000000000000145 /* SiteChangeViewModel.swift in Sources */,
				8A0000000000000000000146 /* WatchHomeView.swift in Sources */,
				8A0000000000000000000147 /* WatchSiteSelectionView.swift in Sources */,
				8A0000000000000000000148 /* WatchLocationRow.swift in Sources */,
				8A0000000000000000000162 /* WatchConnectivityManager.swift in Sources */,
			);
			runOnlyForDeploymentPostprocessing = 0;
		};
		8A0000000000000000000330 /* Sources */ = {
			isa = PBXSourcesBuildPhase;
			buildActionMask = 2147483647;
			files = (
				8A0000000000000000000150 /* SiteCycleWidgets.swift in Sources */,
				8A0000000000000000000151 /* Location.swift in Sources */,
				8A0000000000000000000152 /* SiteChangeEntry.swift in Sources */,
			);
			runOnlyForDeploymentPostprocessing = 0;
		};
/* End PBXSourcesBuildPhase section */

/* Begin PBXTargetDependency section */
		8A0000000000000000000820 /* PBXTargetDependency */ = {
			isa = PBXTargetDependency;
			target = 8A0000000000000000000401 /* SiteCycle */;
			targetProxy = 8A0000000000000000000810 /* PBXContainerItemProxy */;
		};
		8A0000000000000000000821 /* PBXTargetDependency */ = {
			isa = PBXTargetDependency;
			target = 8A0000000000000000000430 /* SiteCycleWatchWidgets */;
			targetProxy = 8A0000000000000000000811 /* PBXContainerItemProxy */;
		};
		8A0000000000000000000822 /* PBXTargetDependency */ = {
			isa = PBXTargetDependency;
			target = 8A0000000000000000000420 /* SiteCycleWatch */;
			targetProxy = 8A0000000000000000000812 /* PBXContainerItemProxy */;
		};
/* End PBXTargetDependency section */

/* Begin XCBuildConfiguration section */
		8A0000000000000000000701 /* Debug */ = {
			isa = XCBuildConfiguration;
			buildSettings = {
				ALWAYS_SEARCH_USER_PATHS = NO;
				ASSETCATALOG_COMPILER_GENERATE_SWIFT_ASSET_SYMBOL_EXTENSIONS = YES;
				CLANG_ANALYZER_NONNULL = YES;
				CLANG_ANALYZER_NUMBER_OBJECT_CONVERSION = YES_AGGRESSIVE;
				CLANG_CXX_LANGUAGE_STANDARD = "gnu++20";
				CLANG_ENABLE_MODULES = YES;
				CLANG_ENABLE_OBJC_ARC = YES;
				CLANG_ENABLE_OBJC_WEAK = YES;
				CLANG_WARN_BLOCK_CAPTURE_AUTORELEASING = YES;
				CLANG_WARN_BOOL_CONVERSION = YES;
				CLANG_WARN_COMMA = YES;
				CLANG_WARN_CONSTANT_CONVERSION = YES;
				CLANG_WARN_DEPRECATED_OBJC_IMPLEMENTATIONS = YES;
				CLANG_WARN_DIRECT_OBJC_ISA_USAGE = YES_ERROR;
				CLANG_WARN_DOCUMENTATION_COMMENTS = YES;
				CLANG_WARN_EMPTY_BODY = YES;
				CLANG_WARN_ENUM_CONVERSION = YES;
				CLANG_WARN_INFINITE_RECURSION = YES;
				CLANG_WARN_INT_CONVERSION = YES;
				CLANG_WARN_NON_LITERAL_NULL_CONVERSION = YES;
				CLANG_WARN_OBJC_IMPLICIT_RETAIN_SELF = YES;
				CLANG_WARN_OBJC_LITERAL_CONVERSION = YES;
				CLANG_WARN_OBJC_ROOT_CLASS = YES_ERROR;
				CLANG_WARN_QUOTED_INCLUDE_IN_FRAMEWORK_HEADER = YES;
				CLANG_WARN_RANGE_LOOP_ANALYSIS = YES;
				CLANG_WARN_STRICT_PROTOTYPES = YES;
				CLANG_WARN_SUSPICIOUS_MOVE = YES;
				CLANG_WARN_UNGUARDED_AVAILABILITY = YES_AGGRESSIVE;
				CLANG_WARN_UNREACHABLE_CODE = YES;
				CLANG_WARN__DUPLICATE_METHOD_MATCH = YES;
				COPY_PHASE_STRIP = NO;
				DEBUG_INFORMATION_FORMAT = dwarf;
				ENABLE_STRICT_OBJC_MSGSEND = YES;
				ENABLE_TESTABILITY = YES;
				ENABLE_USER_SCRIPT_SANDBOXING = YES;
				GCC_C_LANGUAGE_STANDARD = gnu17;
				GCC_DYNAMIC_NO_PIC = NO;
				GCC_NO_COMMON_BLOCKS = YES;
				GCC_OPTIMIZATION_LEVEL = 0;
				GCC_PREPROCESSOR_DEFINITIONS = (
					"DEBUG=1",
					"$(inherited)",
				);
				GCC_WARN_64_TO_32_BIT_CONVERSION = YES;
				GCC_WARN_ABOUT_RETURN_TYPE = YES_ERROR;
				GCC_WARN_UNDECLARED_SELECTOR = YES;
				GCC_WARN_UNINITIALIZED_AUTOS = YES_AGGRESSIVE;
				GCC_WARN_UNUSED_FUNCTION = YES;
				GCC_WARN_UNUSED_VARIABLE = YES;
				IPHONEOS_DEPLOYMENT_TARGET = 18.0;
				LOCALIZATION_PREFERS_STRING_CATALOGS = YES;
				MTL_ENABLE_DEBUG_INFO = INCLUDE_SOURCE;
				MTL_FAST_MATH = YES;
				ONLY_ACTIVE_ARCH = YES;
				SDKROOT = iphoneos;
				SWIFT_ACTIVE_COMPILATION_CONDITIONS = "DEBUG $(inherited)";
				SWIFT_OPTIMIZATION_LEVEL = "-Onone";
			};
			name = Debug;
		};
		8A0000000000000000000702 /* Release */ = {
			isa = XCBuildConfiguration;
			buildSettings = {
				ALWAYS_SEARCH_USER_PATHS = NO;
				ASSETCATALOG_COMPILER_GENERATE_SWIFT_ASSET_SYMBOL_EXTENSIONS = YES;
				CLANG_ANALYZER_NONNULL = YES;
				CLANG_ANALYZER_NUMBER_OBJECT_CONVERSION = YES_AGGRESSIVE;
				CLANG_CXX_LANGUAGE_STANDARD = "gnu++20";
				CLANG_ENABLE_MODULES = YES;
				CLANG_ENABLE_OBJC_ARC = YES;
				CLANG_ENABLE_OBJC_WEAK = YES;
				CLANG_WARN_BLOCK_CAPTURE_AUTORELEASING = YES;
				CLANG_WARN_BOOL_CONVERSION = YES;
				CLANG_WARN_COMMA = YES;
				CLANG_WARN_CONSTANT_CONVERSION = YES;
				CLANG_WARN_DEPRECATED_OBJC_IMPLEMENTATIONS = YES;
				CLANG_WARN_DIRECT_OBJC_ISA_USAGE = YES_ERROR;
				CLANG_WARN_DOCUMENTATION_COMMENTS = YES;
				CLANG_WARN_EMPTY_BODY = YES;
				CLANG_WARN_ENUM_CONVERSION = YES;
				CLANG_WARN_INFINITE_RECURSION = YES;
				CLANG_WARN_INT_CONVERSION = YES;
				CLANG_WARN_NON_LITERAL_NULL_CONVERSION = YES;
				CLANG_WARN_OBJC_IMPLICIT_RETAIN_SELF = YES;
				CLANG_WARN_OBJC_LITERAL_CONVERSION = YES;
				CLANG_WARN_OBJC_ROOT_CLASS = YES_ERROR;
				CLANG_WARN_QUOTED_INCLUDE_IN_FRAMEWORK_HEADER = YES;
				CLANG_WARN_RANGE_LOOP_ANALYSIS = YES;
				CLANG_WARN_STRICT_PROTOTYPES = YES;
				CLANG_WARN_SUSPICIOUS_MOVE = YES;
				CLANG_WARN_UNGUARDED_AVAILABILITY = YES_AGGRESSIVE;
				CLANG_WARN_UNREACHABLE_CODE = YES;
				CLANG_WARN__DUPLICATE_METHOD_MATCH = YES;
				COPY_PHASE_STRIP = NO;
				DEBUG_INFORMATION_FORMAT = "dwarf-with-dsym";
				ENABLE_NS_ASSERTIONS = NO;
				ENABLE_STRICT_OBJC_MSGSEND = YES;
				ENABLE_USER_SCRIPT_SANDBOXING = YES;
				GCC_C_LANGUAGE_STANDARD = gnu17;
				GCC_NO_COMMON_BLOCKS = YES;
				GCC_WARN_64_TO_32_BIT_CONVERSION = YES;
				GCC_WARN_ABOUT_RETURN_TYPE = YES_ERROR;
				GCC_WARN_UNDECLARED_SELECTOR = YES;
				GCC_WARN_UNINITIALIZED_AUTOS = YES_AGGRESSIVE;
				GCC_WARN_UNUSED_FUNCTION = YES;
				GCC_WARN_UNUSED_VARIABLE = YES;
				IPHONEOS_DEPLOYMENT_TARGET = 18.0;
				LOCALIZATION_PREFERS_STRING_CATALOGS = YES;
				MTL_ENABLE_DEBUG_INFO = NO;
				MTL_FAST_MATH = YES;
				SDKROOT = iphoneos;
				SWIFT_COMPILATION_MODE = wholemodule;
				VALIDATE_PRODUCT = YES;
			};
			name = Release;
		};
		8A0000000000000000000703 /* Debug */ = {
			isa = XCBuildConfiguration;
			buildSettings = {
				ASSETCATALOG_COMPILER_APPICON_NAME = AppIcon;
				ASSETCATALOG_COMPILER_GLOBAL_ACCENT_COLOR_NAME = AccentColor;
				CODE_SIGN_ENTITLEMENTS = SiteCycle/SiteCycle.entitlements;
				CODE_SIGN_STYLE = Automatic;
				CURRENT_PROJECT_VERSION = 1;
				DEVELOPMENT_ASSET_PATHS = "\"SiteCycle/Preview Content\"";
				DEVELOPMENT_TEAM = G58SM6WLX7;
				ENABLE_PREVIEWS = YES;
				GENERATE_INFOPLIST_FILE = YES;
				INFOPLIST_KEY_ITSAppUsesNonExemptEncryption = NO;
				INFOPLIST_KEY_UIApplicationSceneManifest_Generation = YES;
				INFOPLIST_KEY_UIApplicationSupportsIndirectInputEvents = YES;
				INFOPLIST_KEY_UIBackgroundModes = "remote-notification";
				INFOPLIST_KEY_UILaunchScreen_Generation = YES;
				INFOPLIST_KEY_UISupportedInterfaceOrientations_iPhone = "UIInterfaceOrientationPortrait UIInterfaceOrientationLandscapeLeft UIInterfaceOrientationLandscapeRight";
				LD_RUNPATH_SEARCH_PATHS = (
					"$(inherited)",
					"@executable_path/Frameworks",
				);
				MARKETING_VERSION = 1.0;
				PRODUCT_BUNDLE_IDENTIFIER = com.sitecycle.app;
				PRODUCT_NAME = "$(TARGET_NAME)";
				SWIFT_EMIT_LOC_STRINGS = YES;
				SWIFT_VERSION = 6.0;
				TARGETED_DEVICE_FAMILY = 1;
			};
			name = Debug;
		};
		8A0000000000000000000704 /* Release */ = {
			isa = XCBuildConfiguration;
			buildSettings = {
				ASSETCATALOG_COMPILER_APPICON_NAME = AppIcon;
				ASSETCATALOG_COMPILER_GLOBAL_ACCENT_COLOR_NAME = AccentColor;
				CODE_SIGN_ENTITLEMENTS = SiteCycle/SiteCycle.entitlements;
				CODE_SIGN_STYLE = Automatic;
				CURRENT_PROJECT_VERSION = 1;
				DEVELOPMENT_ASSET_PATHS = "\"SiteCycle/Preview Content\"";
				DEVELOPMENT_TEAM = G58SM6WLX7;
				ENABLE_PREVIEWS = YES;
				GENERATE_INFOPLIST_FILE = YES;
				INFOPLIST_KEY_ITSAppUsesNonExemptEncryption = NO;
				INFOPLIST_KEY_UIApplicationSceneManifest_Generation = YES;
				INFOPLIST_KEY_UIApplicationSupportsIndirectInputEvents = YES;
				INFOPLIST_KEY_UIBackgroundModes = "remote-notification";
				INFOPLIST_KEY_UILaunchScreen_Generation = YES;
				INFOPLIST_KEY_UISupportedInterfaceOrientations_iPhone = "UIInterfaceOrientationPortrait UIInterfaceOrientationLandscapeLeft UIInterfaceOrientationLandscapeRight";
				LD_RUNPATH_SEARCH_PATHS = (
					"$(inherited)",
					"@executable_path/Frameworks",
				);
				MARKETING_VERSION = 1.0;
				PRODUCT_BUNDLE_IDENTIFIER = com.sitecycle.app;
				PRODUCT_NAME = "$(TARGET_NAME)";
				PROVISIONING_PROFILE_SPECIFIER = "SiteCycle App Store Profile";
				SWIFT_EMIT_LOC_STRINGS = YES;
				SWIFT_VERSION = 6.0;
				TARGETED_DEVICE_FAMILY = 1;
			};
			name = Release;
		};
		8A0000000000000000000710 /* Debug */ = {
			isa = XCBuildConfiguration;
			buildSettings = {
				BUNDLE_LOADER = "$(TEST_HOST)";
				CODE_SIGN_STYLE = Automatic;
				CURRENT_PROJECT_VERSION = 1;
				GENERATE_INFOPLIST_FILE = YES;
				IPHONEOS_DEPLOYMENT_TARGET = 18.0;
				MARKETING_VERSION = 1.0;
				PRODUCT_BUNDLE_IDENTIFIER = com.sitecycle.app.tests;
				PRODUCT_NAME = "$(TARGET_NAME)";
				SWIFT_EMIT_LOC_STRINGS = NO;
				SWIFT_VERSION = 6.0;
				TARGETED_DEVICE_FAMILY = 1;
				TEST_HOST = "$(BUILT_PRODUCTS_DIR)/SiteCycle.app/$(BUNDLE_EXECUTABLE_FOLDER_PATH)/SiteCycle";
			};
			name = Debug;
		};
		8A0000000000000000000711 /* Release */ = {
			isa = XCBuildConfiguration;
			buildSettings = {
				BUNDLE_LOADER = "$(TEST_HOST)";
				CODE_SIGN_STYLE = Automatic;
				CURRENT_PROJECT_VERSION = 1;
				GENERATE_INFOPLIST_FILE = YES;
				IPHONEOS_DEPLOYMENT_TARGET = 18.0;
				MARKETING_VERSION = 1.0;
				PRODUCT_BUNDLE_IDENTIFIER = com.sitecycle.app.tests;
				PRODUCT_NAME = "$(TARGET_NAME)";
				SWIFT_EMIT_LOC_STRINGS = NO;
				SWIFT_VERSION = 6.0;
				TARGETED_DEVICE_FAMILY = 1;
				TEST_HOST = "$(BUILT_PRODUCTS_DIR)/SiteCycle.app/$(BUNDLE_EXECUTABLE_FOLDER_PATH)/SiteCycle";
			};
			name = Release;
		};
		8A0000000000000000000720 /* Debug */ = {
			isa = XCBuildConfiguration;
			buildSettings = {
				ASSETCATALOG_COMPILER_APPICON_NAME = AppIcon;
				ASSETCATALOG_COMPILER_GLOBAL_ACCENT_COLOR_NAME = AccentColor;
				CODE_SIGN_ENTITLEMENTS = SiteCycleWatch/SiteCycleWatch.entitlements;
				CODE_SIGN_STYLE = Automatic;
				CURRENT_PROJECT_VERSION = 1;
				DEVELOPMENT_TEAM = G58SM6WLX7;
				ENABLE_PREVIEWS = YES;
				GENERATE_INFOPLIST_FILE = YES;
				INFOPLIST_KEY_CFBundleDisplayName = SiteCycle;
				INFOPLIST_KEY_UISupportedInterfaceOrientations = "UIInterfaceOrientationPortrait UIInterfaceOrientationPortraitUpsideDown";
				INFOPLIST_KEY_WKCompanionAppBundleIdentifier = com.sitecycle.app;
				LD_RUNPATH_SEARCH_PATHS = (
					"$(inherited)",
					"@executable_path/Frameworks",
				);
				MARKETING_VERSION = 1.0;
				PRODUCT_BUNDLE_IDENTIFIER = com.sitecycle.app.watchkitapp;
				PRODUCT_NAME = "$(TARGET_NAME)";
				SDKROOT = watchos;
				SKIP_INSTALL = YES;
				SWIFT_EMIT_LOC_STRINGS = YES;
				SWIFT_VERSION = 6.0;
				TARGETED_DEVICE_FAMILY = 4;
				WATCHOS_DEPLOYMENT_TARGET = 11.0;
			};
			name = Debug;
		};
		8A0000000000000000000721 /* Release */ = {
			isa = XCBuildConfiguration;
			buildSettings = {
				ASSETCATALOG_COMPILER_APPICON_NAME = AppIcon;
				ASSETCATALOG_COMPILER_GLOBAL_ACCENT_COLOR_NAME = AccentColor;
				CODE_SIGN_ENTITLEMENTS = SiteCycleWatch/SiteCycleWatch.entitlements;
				CODE_SIGN_STYLE = Automatic;
				CURRENT_PROJECT_VERSION = 1;
				DEVELOPMENT_TEAM = G58SM6WLX7;
				ENABLE_PREVIEWS = YES;
				GENERATE_INFOPLIST_FILE = YES;
				INFOPLIST_KEY_CFBundleDisplayName = SiteCycle;
				INFOPLIST_KEY_UISupportedInterfaceOrientations = "UIInterfaceOrientationPortrait UIInterfaceOrientationPortraitUpsideDown";
				INFOPLIST_KEY_WKCompanionAppBundleIdentifier = com.sitecycle.app;
				LD_RUNPATH_SEARCH_PATHS = (
					"$(inherited)",
					"@executable_path/Frameworks",
				);
				MARKETING_VERSION = 1.0;
				PRODUCT_BUNDLE_IDENTIFIER = com.sitecycle.app.watchkitapp;
				PRODUCT_NAME = "$(TARGET_NAME)";
				PROVISIONING_PROFILE_SPECIFIER = "SiteCycle Watch App Store Profile";
				SDKROOT = watchos;
				SKIP_INSTALL = YES;
				SWIFT_EMIT_LOC_STRINGS = YES;
				SWIFT_VERSION = 6.0;
				TARGETED_DEVICE_FAMILY = 4;
				WATCHOS_DEPLOYMENT_TARGET = 11.0;
			};
			name = Release;
		};
		8A0000000000000000000730 /* Debug */ = {
			isa = XCBuildConfiguration;
			buildSettings = {
				ASSETCATALOG_COMPILER_GLOBAL_ACCENT_COLOR_NAME = AccentColor;
				ASSETCATALOG_COMPILER_WIDGET_BACKGROUND_COLOR_NAME = WidgetBackground;
				CODE_SIGN_ENTITLEMENTS = SiteCycleWatchWidgets/SiteCycleWatchWidgets.entitlements;
				CODE_SIGN_STYLE = Automatic;
				CURRENT_PROJECT_VERSION = 1;
				DEVELOPMENT_TEAM = G58SM6WLX7;
				GENERATE_INFOPLIST_FILE = YES;
				INFOPLIST_FILE = SiteCycleWatchWidgets/Info.plist;
				INFOPLIST_KEY_CFBundleDisplayName = SiteCycleWatchWidgets;
				INFOPLIST_KEY_NSHumanReadableCopyright = "";
				LD_RUNPATH_SEARCH_PATHS = (
					"$(inherited)",
					"@executable_path/Frameworks",
					"@executable_path/../../Frameworks",
				);
				MARKETING_VERSION = 1.0;
				PRODUCT_BUNDLE_IDENTIFIER = com.sitecycle.app.watchkitapp.widgets;
				PRODUCT_NAME = "$(TARGET_NAME)";
				SDKROOT = watchos;
				SKIP_INSTALL = YES;
				SWIFT_EMIT_LOC_STRINGS = YES;
				SWIFT_VERSION = 6.0;
				TARGETED_DEVICE_FAMILY = 4;
				WATCHOS_DEPLOYMENT_TARGET = 11.0;
			};
			name = Debug;
		};
		8A0000000000000000000731 /* Release */ = {
			isa = XCBuildConfiguration;
			buildSettings = {
				ASSETCATALOG_COMPILER_GLOBAL_ACCENT_COLOR_NAME = AccentColor;
				ASSETCATALOG_COMPILER_WIDGET_BACKGROUND_COLOR_NAME = WidgetBackground;
				CODE_SIGN_ENTITLEMENTS = SiteCycleWatchWidgets/SiteCycleWatchWidgets.entitlements;
				CODE_SIGN_STYLE = Automatic;
				CURRENT_PROJECT_VERSION = 1;
				DEVELOPMENT_TEAM = G58SM6WLX7;
				GENERATE_INFOPLIST_FILE = YES;
				INFOPLIST_FILE = SiteCycleWatchWidgets/Info.plist;
				INFOPLIST_KEY_CFBundleDisplayName = SiteCycleWatchWidgets;
				INFOPLIST_KEY_NSHumanReadableCopyright = "";
				LD_RUNPATH_SEARCH_PATHS = (
					"$(inherited)",
					"@executable_path/Frameworks",
					"@executable_path/../../Frameworks",
				);
				MARKETING_VERSION = 1.0;
				PRODUCT_BUNDLE_IDENTIFIER = com.sitecycle.app.watchkitapp.widgets;
				PRODUCT_NAME = "$(TARGET_NAME)";
				PROVISIONING_PROFILE_SPECIFIER = "SiteCycle Watch Widget App Store Profile";
				SDKROOT = watchos;
				SKIP_INSTALL = YES;
				SWIFT_EMIT_LOC_STRINGS = YES;
				SWIFT_VERSION = 6.0;
				TARGETED_DEVICE_FAMILY = 4;
				WATCHOS_DEPLOYMENT_TARGET = 11.0;
			};
			name = Release;
		};
/* End XCBuildConfiguration section */

/* Begin XCConfigurationList section */
		8A0000000000000000000601 /* Build configuration list for PBXProject "SiteCycle" */ = {
			isa = XCConfigurationList;
			buildConfigurations = (
				8A0000000000000000000701 /* Debug */,
				8A0000000000000000000702 /* Release */,
			);
			defaultConfigurationIsVisible = 0;
			defaultConfigurationName = Release;
		};
		8A0000000000000000000602 /* Build configuration list for PBXNativeTarget "SiteCycle" */ = {
			isa = XCConfigurationList;
			buildConfigurations = (
				8A0000000000000000000703 /* Debug */,
				8A0000000000000000000704 /* Release */,
			);
			defaultConfigurationIsVisible = 0;
			defaultConfigurationName = Release;
		};
		8A0000000000000000000610 /* Build configuration list for PBXNativeTarget "SiteCycleTests" */ = {
			isa = XCConfigurationList;
			buildConfigurations = (
				8A0000000000000000000710 /* Debug */,
				8A0000000000000000000711 /* Release */,
			);
			defaultConfigurationIsVisible = 0;
			defaultConfigurationName = Release;
		};
		8A0000000000000000000620 /* Build configuration list for PBXNativeTarget "SiteCycleWatch" */ = {
			isa = XCConfigurationList;
			buildConfigurations = (
				8A0000000000000000000720 /* Debug */,
				8A0000000000000000000721 /* Release */,
			);
			defaultConfigurationIsVisible = 0;
			defaultConfigurationName = Release;
		};
		8A0000000000000000000630 /* Build configuration list for PBXNativeTarget "SiteCycleWatchWidgets" */ = {
			isa = XCConfigurationList;
			buildConfigurations = (
				8A0000000000000000000730 /* Debug */,
				8A0000000000000000000731 /* Release */,
			);
			defaultConfigurationIsVisible = 0;
			defaultConfigurationName = Release;
		};
/* End XCConfigurationList section */
	};
	rootObject = 8A0000000000000000000501 /* Project object */;
}
